{
  "name": "fiddlings",
  "lockfileVersion": 2,
  "requires": true,
  "packages": {
    "": {
      "devDependencies": {
        "@types/jquery": "^3.5.6",
        "@types/tampermonkey": "^4.0.2"
      }
    },
    "node_modules/@types/jquery": {
      "version": "3.5.6",
      "resolved": "https://registry.npmjs.org/@types/jquery/-/jquery-3.5.6.tgz",
      "integrity": "sha512-SmgCQRzGPId4MZQKDj9Hqc6kSXFNWZFHpELkyK8AQhf8Zr6HKfCzFv9ZC1Fv3FyQttJZOlap3qYb12h61iZAIg==",
      "dev": true,
      "dependencies": {
        "@types/sizzle": "*"
      }
    },
    "node_modules/@types/sizzle": {
      "version": "2.3.3",
      "resolved": "https://registry.npmjs.org/@types/sizzle/-/sizzle-2.3.3.tgz",
      "integrity": "sha512-JYM8x9EGF163bEyhdJBpR2QX1R5naCJHC8ucJylJ3w9/CVBaskdQ8WqBf8MmQrd1kRvp/a4TS8HJ+bxzR7ZJYQ==",
      "dev": true
    },
    "node_modules/@types/tampermonkey": {
      "version": "4.0.2",
      "resolved": "https://registry.npmjs.org/@types/tampermonkey/-/tampermonkey-4.0.2.tgz",
      "integrity": "sha512-KMDDTaT3UXDNwYFF2MKAe5s4HsAEZeRw/aidZdEeaddN5sf83wFddG3gF/QYmJ8Cm9YPwAHF65rwNd12DBQw8w==",
      "dev": true
    }
  },
  "dependencies": {
    "@types/jquery": {
      "version": "3.5.6",
      "resolved": "https://registry.npmjs.org/@types/jquery/-/jquery-3.5.6.tgz",
      "integrity": "sha512-SmgCQRzGPId4MZQKDj9Hqc6kSXFNWZFHpELkyK8AQhf8Zr6HKfCzFv9ZC1Fv3FyQttJZOlap3qYb12h61iZAIg==",
      "dev": true,
      "requires": {
        "@types/sizzle": "*"
      }
    },
    "@types/sizzle": {
      "version": "2.3.3",
      "resolved": "https://registry.npmjs.org/@types/sizzle/-/sizzle-2.3.3.tgz",
      "integrity": "sha512-JYM8x9EGF163bEyhdJBpR2QX1R5naCJHC8ucJylJ3w9/CVBaskdQ8WqBf8MmQrd1kRvp/a4TS8HJ+bxzR7ZJYQ==",
      "dev": true
    },
    "@types/tampermonkey": {
      "version": "4.0.2",
      "resolved": "https://registry.npmjs.org/@types/tampermonkey/-/tampermonkey-4.0.2.tgz",
      "integrity": "sha512-KMDDTaT3UXDNwYFF2MKAe5s4HsAEZeRw/aidZdEeaddN5sf83wFddG3gF/QYmJ8Cm9YPwAHF65rwNd12DBQw8w==",
      "dev": true
    }
  }
}
